// !$*UTF8*$!
{
	archiveVersion = 1;
	classes = {
	};
	objectVersion = 46;
	objects = {

/* Begin PBXBuildFile section */
		5C7C7F8F186E159A00E13FC0 /* Foundation.framework in Frameworks */ = {isa = PBXBuildFile; fileRef = 5C7C7F8E186E159A00E13FC0 /* Foundation.framework */; };
		5C7C7F91186E159A00E13FC0 /* CoreGraphics.framework in Frameworks */ = {isa = PBXBuildFile; fileRef = 5C7C7F90186E159A00E13FC0 /* CoreGraphics.framework */; };
		5C7C7F93186E159A00E13FC0 /* UIKit.framework in Frameworks */ = {isa = PBXBuildFile; fileRef = 5C7C7F92186E159A00E13FC0 /* UIKit.framework */; };
		5C7C7F99186E159A00E13FC0 /* InfoPlist.strings in Resources */ = {isa = PBXBuildFile; fileRef = 5C7C7F97186E159A00E13FC0 /* InfoPlist.strings */; };
		5C7C7F9B186E159A00E13FC0 /* main.m in Sources */ = {isa = PBXBuildFile; fileRef = 5C7C7F9A186E159A00E13FC0 /* main.m */; };
		5C7C7F9F186E159A00E13FC0 /* UTIAppDelegate.m in Sources */ = {isa = PBXBuildFile; fileRef = 5C7C7F9E186E159A00E13FC0 /* UTIAppDelegate.m */; };
		5C7C7FA2186E159A00E13FC0 /* Main_iPhone.storyboard in Resources */ = {isa = PBXBuildFile; fileRef = 5C7C7FA0186E159A00E13FC0 /* Main_iPhone.storyboard */; };
		5C7C7FA5186E159A00E13FC0 /* Main_iPad.storyboard in Resources */ = {isa = PBXBuildFile; fileRef = 5C7C7FA3186E159A00E13FC0 /* Main_iPad.storyboard */; };
		5C7C7FA8186E159A00E13FC0 /* UTIViewController.m in Sources */ = {isa = PBXBuildFile; fileRef = 5C7C7FA7186E159A00E13FC0 /* UTIViewController.m */; };
		5C7C7FAA186E159A00E13FC0 /* Images.xcassets in Resources */ = {isa = PBXBuildFile; fileRef = 5C7C7FA9186E159A00E13FC0 /* Images.xcassets */; };
		5C7C7FB1186E159A00E13FC0 /* XCTest.framework in Frameworks */ = {isa = PBXBuildFile; fileRef = 5C7C7FB0186E159A00E13FC0 /* XCTest.framework */; };
		5C7C7FB2186E159A00E13FC0 /* Foundation.framework in Frameworks */ = {isa = PBXBuildFile; fileRef = 5C7C7F8E186E159A00E13FC0 /* Foundation.framework */; };
		5C7C7FB3186E159A00E13FC0 /* UIKit.framework in Frameworks */ = {isa = PBXBuildFile; fileRef = 5C7C7F92186E159A00E13FC0 /* UIKit.framework */; };
		5C7C7FBB186E159A00E13FC0 /* InfoPlist.strings in Resources */ = {isa = PBXBuildFile; fileRef = 5C7C7FB9186E159A00E13FC0 /* InfoPlist.strings */; };
		5C7C7FBD186E159A00E13FC0 /* PaldaruoTests.m in Sources */ = {isa = PBXBuildFile; fileRef = 5C7C7FBC186E159A00E13FC0 /* PaldaruoTests.m */; };
		5C7C7FC718720EB300E13FC0 /* AVFoundation.framework in Frameworks */ = {isa = PBXBuildFile; fileRef = 5C7C7FC618720EB300E13FC0 /* AVFoundation.framework */; };
		5C7C7FC918720F6000E13FC0 /* CoreAudio.framework in Frameworks */ = {isa = PBXBuildFile; fileRef = 5C7C7FC818720F6000E13FC0 /* CoreAudio.framework */; };
		801ACF3F18E1D9BF00B85FC9 /* sarah_yn_paldaruo_llai.m4v in Resources */ = {isa = PBXBuildFile; fileRef = 801ACF3E18E1D9BF00B85FC9 /* sarah_yn_paldaruo_llai.m4v */; };
		8020410A187EC8EE00C9A4F3 /* UTIPromptsTracker.m in Sources */ = {isa = PBXBuildFile; fileRef = 80204109187EC8EE00C9A4F3 /* UTIPromptsTracker.m */; };
		8020410D187EC9B200C9A4F3 /* UTIPrompt.m in Sources */ = {isa = PBXBuildFile; fileRef = 8020410C187EC9B200C9A4F3 /* UTIPrompt.m */; };
		8021AC9C187C44770069B508 /* logos4c.jpeg in Resources */ = {isa = PBXBuildFile; fileRef = 8021AC9B187C44770069B508 /* logos4c.jpeg */; };
		8021AC9E187C450A0069B508 /* Llywodraeth-Cymru-1315259625.jpg in Resources */ = {isa = PBXBuildFile; fileRef = 8021AC9D187C450A0069B508 /* Llywodraeth-Cymru-1315259625.jpg */; };
		8021ACA0187C456B0069B508 /* bangor_header_crest.jpg in Resources */ = {isa = PBXBuildFile; fileRef = 8021AC9F187C456B0069B508 /* bangor_header_crest.jpg */; };
		8021ACA2187C4F7C0069B508 /* logoprifysgolbangor.gif in Resources */ = {isa = PBXBuildFile; fileRef = 8021ACA1187C4F7C0069B508 /* logoprifysgolbangor.gif */; };
		8021ACA4187C50CE0069B508 /* uti-logo.png in Resources */ = {isa = PBXBuildFile; fileRef = 8021ACA3187C50CE0069B508 /* uti-logo.png */; };
		806B4FCC188D441100851038 /* UTIWelcomeViewController.m in Sources */ = {isa = PBXBuildFile; fileRef = 806B4FCB188D441100851038 /* UTIWelcomeViewController.m */; };
		806B4FCF1897D01E00851038 /* UTIDataStore.m in Sources */ = {isa = PBXBuildFile; fileRef = 806B4FCE1897D01E00851038 /* UTIDataStore.m */; };
		806B4FD2189BBE8200851038 /* UTINewProfileViewController.m in Sources */ = {isa = PBXBuildFile; fileRef = 806B4FD1189BBE8200851038 /* UTINewProfileViewController.m */; };
		806B4FD5189FE95300851038 /* UTIMetaDataField.m in Sources */ = {isa = PBXBuildFile; fileRef = 806B4FD4189FE95300851038 /* UTIMetaDataField.m */; };
		806B500D18AE41BC00851038 /* AppIcon29x29.png in Resources */ = {isa = PBXBuildFile; fileRef = 806B4FFD18AE41BC00851038 /* AppIcon29x29.png */; };
		806B500E18AE41BC00851038 /* AppIcon29x29@2x.png in Resources */ = {isa = PBXBuildFile; fileRef = 806B4FFE18AE41BC00851038 /* AppIcon29x29@2x.png */; };
		806B500F18AE41BC00851038 /* AppIcon40x40.png in Resources */ = {isa = PBXBuildFile; fileRef = 806B4FFF18AE41BC00851038 /* AppIcon40x40.png */; };
		806B501018AE41BC00851038 /* AppIcon40x40@2x.png in Resources */ = {isa = PBXBuildFile; fileRef = 806B500018AE41BC00851038 /* AppIcon40x40@2x.png */; };
		806B501118AE41BC00851038 /* AppIcon50x50.png in Resources */ = {isa = PBXBuildFile; fileRef = 806B500118AE41BC00851038 /* AppIcon50x50.png */; };
		806B501218AE41BC00851038 /* AppIcon50x50@2x.png in Resources */ = {isa = PBXBuildFile; fileRef = 806B500218AE41BC00851038 /* AppIcon50x50@2x.png */; };
		806B501318AE41BC00851038 /* AppIcon57x57.png in Resources */ = {isa = PBXBuildFile; fileRef = 806B500318AE41BC00851038 /* AppIcon57x57.png */; };
		806B501418AE41BC00851038 /* AppIcon57x57@2x.png in Resources */ = {isa = PBXBuildFile; fileRef = 806B500418AE41BC00851038 /* AppIcon57x57@2x.png */; };
		806B501518AE41BC00851038 /* AppIcon60x60.png in Resources */ = {isa = PBXBuildFile; fileRef = 806B500518AE41BC00851038 /* AppIcon60x60.png */; };
		806B501618AE41BC00851038 /* AppIcon60x60@2x.png in Resources */ = {isa = PBXBuildFile; fileRef = 806B500618AE41BC00851038 /* AppIcon60x60@2x.png */; };
		806B501718AE41BC00851038 /* AppIcon72x72.png in Resources */ = {isa = PBXBuildFile; fileRef = 806B500718AE41BC00851038 /* AppIcon72x72.png */; };
		806B501818AE41BC00851038 /* AppIcon72x72@2x.png in Resources */ = {isa = PBXBuildFile; fileRef = 806B500818AE41BC00851038 /* AppIcon72x72@2x.png */; };
		806B501918AE41BC00851038 /* AppIcon76x76.png in Resources */ = {isa = PBXBuildFile; fileRef = 806B500918AE41BC00851038 /* AppIcon76x76.png */; };
		806B501A18AE41BC00851038 /* AppIcon76x76@2x.png in Resources */ = {isa = PBXBuildFile; fileRef = 806B500A18AE41BC00851038 /* AppIcon76x76@2x.png */; };
		806B501B18AE41BC00851038 /* iTunesArtwork.png in Resources */ = {isa = PBXBuildFile; fileRef = 806B500B18AE41BC00851038 /* iTunesArtwork.png */; };
		806B501C18AE41BC00851038 /* iTunesArtwork@2x.png in Resources */ = {isa = PBXBuildFile; fileRef = 806B500C18AE41BC00851038 /* iTunesArtwork@2x.png */; };
		806B502318AE53CE00851038 /* libTestFlight.a in Frameworks */ = {isa = PBXBuildFile; fileRef = 806B501D18AE53CE00851038 /* libTestFlight.a */; };
		806B502418AE53CF00851038 /* README.md in Resources */ = {isa = PBXBuildFile; fileRef = 806B501E18AE53CE00851038 /* README.md */; };
		806B502518AE53CF00851038 /* release_notes.md in Resources */ = {isa = PBXBuildFile; fileRef = 806B501F18AE53CE00851038 /* release_notes.md */; };
		806B502818AE549D00851038 /* libz.dylib in Frameworks */ = {isa = PBXBuildFile; fileRef = 806B502718AE549D00851038 /* libz.dylib */; };
		806B502B18B3A27900851038 /* 150px-S4C_logo.svg.png in Resources */ = {isa = PBXBuildFile; fileRef = 806B502918B3A27900851038 /* 150px-S4C_logo.svg.png */; };
		806B502C18B3A27900851038 /* WelshGovtlogo.png in Resources */ = {isa = PBXBuildFile; fileRef = 806B502A18B3A27900851038 /* WelshGovtlogo.png */; };
		806B502F18B64EB900851038 /* UTIFurtherInformationViewController.m in Sources */ = {isa = PBXBuildFile; fileRef = 806B502E18B64EB900851038 /* UTIFurtherInformationViewController.m */; };
		806B503218BCED5000851038 /* UTIIntroductionScreenViewController.m in Sources */ = {isa = PBXBuildFile; fileRef = 806B503118BCED5000851038 /* UTIIntroductionScreenViewController.m */; };
		806B503518C788C600851038 /* UTIAcceptTermsAndConditionsViewController.m in Sources */ = {isa = PBXBuildFile; fileRef = 806B503418C788C600851038 /* UTIAcceptTermsAndConditionsViewController.m */; };
		806B503918C8882200851038 /* Reachability.m in Sources */ = {isa = PBXBuildFile; fileRef = 806B503818C8882200851038 /* Reachability.m */; };
		806B503F18CDEF7800851038 /* about.html in Resources */ = {isa = PBXBuildFile; fileRef = 806B503E18CDEF7800851038 /* about.html */; };
		806B504218D1D75A00851038 /* UTIAboutMyDataViewController.m in Sources */ = {isa = PBXBuildFile; fileRef = 806B504118D1D75A00851038 /* UTIAboutMyDataViewController.m */; };
		CD1020DC18E08F2200610EB2 /* (null) in Sources */ = {isa = PBXBuildFile; };
		CD32104F18E5E2E8009056EE /* (null) in Sources */ = {isa = PBXBuildFile; };
		CD32105418E6ADFF009056EE /* DejalActivityView.m in Sources */ = {isa = PBXBuildFile; fileRef = CD32105318E6ADFF009056EE /* DejalActivityView.m */; };
		CD32105618E6AE48009056EE /* UTIDataStore in Resources */ = {isa = PBXBuildFile; fileRef = CD32105518E6AE47009056EE /* UTIDataStore */; };
		CD32105918E6AEDB009056EE /* UTIRequest.m in Sources */ = {isa = PBXBuildFile; fileRef = CD32105818E6AEDB009056EE /* UTIRequest.m */; };
		CDC3152618E17E45003A2440 /* (null) in Sources */ = {isa = PBXBuildFile; };
		CDC3152918E17FEA003A2440 /* (null) in Sources */ = {isa = PBXBuildFile; };
		CDEF14D218E6B01B008CAD01 /* UTIUser.m in Sources */ = {isa = PBXBuildFile; fileRef = CDEF14D118E6B01B008CAD01 /* UTIUser.m */; };
		CDEF14D518E6B054008CAD01 /* UTIButton.m in Sources */ = {isa = PBXBuildFile; fileRef = CDEF14D418E6B054008CAD01 /* UTIButton.m */; };
/* End PBXBuildFile section */

/* Begin PBXContainerItemProxy section */
		5C7C7FB4186E159A00E13FC0 /* PBXContainerItemProxy */ = {
			isa = PBXContainerItemProxy;
			containerPortal = 5C7C7F83186E159A00E13FC0 /* Project object */;
			proxyType = 1;
			remoteGlobalIDString = 5C7C7F8A186E159A00E13FC0;
			remoteInfo = Paldaruo;
		};
/* End PBXContainerItemProxy section */

/* Begin PBXFileReference section */
		5C7C7F8B186E159A00E13FC0 /* Paldaruo.app */ = {isa = PBXFileReference; explicitFileType = wrapper.application; includeInIndex = 0; path = Paldaruo.app; sourceTree = BUILT_PRODUCTS_DIR; };
		5C7C7F8E186E159A00E13FC0 /* Foundation.framework */ = {isa = PBXFileReference; lastKnownFileType = wrapper.framework; name = Foundation.framework; path = System/Library/Frameworks/Foundation.framework; sourceTree = SDKROOT; };
		5C7C7F90186E159A00E13FC0 /* CoreGraphics.framework */ = {isa = PBXFileReference; lastKnownFileType = wrapper.framework; name = CoreGraphics.framework; path = System/Library/Frameworks/CoreGraphics.framework; sourceTree = SDKROOT; };
		5C7C7F92186E159A00E13FC0 /* UIKit.framework */ = {isa = PBXFileReference; lastKnownFileType = wrapper.framework; name = UIKit.framework; path = System/Library/Frameworks/UIKit.framework; sourceTree = SDKROOT; };
		5C7C7F96186E159A00E13FC0 /* Paldaruo-Info.plist */ = {isa = PBXFileReference; lastKnownFileType = text.plist.xml; path = "Paldaruo-Info.plist"; sourceTree = "<group>"; };
		5C7C7F98186E159A00E13FC0 /* en */ = {isa = PBXFileReference; lastKnownFileType = text.plist.strings; name = en; path = en.lproj/InfoPlist.strings; sourceTree = "<group>"; };
		5C7C7F9A186E159A00E13FC0 /* main.m */ = {isa = PBXFileReference; lastKnownFileType = sourcecode.c.objc; path = main.m; sourceTree = "<group>"; };
		5C7C7F9C186E159A00E13FC0 /* Paldaruo-Prefix.pch */ = {isa = PBXFileReference; lastKnownFileType = sourcecode.c.h; path = "Paldaruo-Prefix.pch"; sourceTree = "<group>"; };
		5C7C7F9D186E159A00E13FC0 /* UTIAppDelegate.h */ = {isa = PBXFileReference; lastKnownFileType = sourcecode.c.h; path = UTIAppDelegate.h; sourceTree = "<group>"; };
		5C7C7F9E186E159A00E13FC0 /* UTIAppDelegate.m */ = {isa = PBXFileReference; lastKnownFileType = sourcecode.c.objc; path = UTIAppDelegate.m; sourceTree = "<group>"; };
		5C7C7FA1186E159A00E13FC0 /* Base */ = {isa = PBXFileReference; lastKnownFileType = file.storyboard; name = Base; path = Base.lproj/Main_iPhone.storyboard; sourceTree = "<group>"; };
		5C7C7FA4186E159A00E13FC0 /* Base */ = {isa = PBXFileReference; lastKnownFileType = file.storyboard; name = Base; path = Base.lproj/Main_iPad.storyboard; sourceTree = "<group>"; };
		5C7C7FA6186E159A00E13FC0 /* UTIViewController.h */ = {isa = PBXFileReference; lastKnownFileType = sourcecode.c.h; path = UTIViewController.h; sourceTree = "<group>"; };
		5C7C7FA7186E159A00E13FC0 /* UTIViewController.m */ = {isa = PBXFileReference; lastKnownFileType = sourcecode.c.objc; path = UTIViewController.m; sourceTree = "<group>"; };
		5C7C7FA9186E159A00E13FC0 /* Images.xcassets */ = {isa = PBXFileReference; lastKnownFileType = folder.assetcatalog; path = Images.xcassets; sourceTree = "<group>"; };
		5C7C7FAF186E159A00E13FC0 /* PaldaruoTests.xctest */ = {isa = PBXFileReference; explicitFileType = wrapper.cfbundle; includeInIndex = 0; path = PaldaruoTests.xctest; sourceTree = BUILT_PRODUCTS_DIR; };
		5C7C7FB0186E159A00E13FC0 /* XCTest.framework */ = {isa = PBXFileReference; lastKnownFileType = wrapper.framework; name = XCTest.framework; path = Library/Frameworks/XCTest.framework; sourceTree = DEVELOPER_DIR; };
		5C7C7FB8186E159A00E13FC0 /* PaldaruoTests-Info.plist */ = {isa = PBXFileReference; lastKnownFileType = text.plist.xml; path = "PaldaruoTests-Info.plist"; sourceTree = "<group>"; };
		5C7C7FBA186E159A00E13FC0 /* en */ = {isa = PBXFileReference; lastKnownFileType = text.plist.strings; name = en; path = en.lproj/InfoPlist.strings; sourceTree = "<group>"; };
		5C7C7FBC186E159A00E13FC0 /* PaldaruoTests.m */ = {isa = PBXFileReference; lastKnownFileType = sourcecode.c.objc; path = PaldaruoTests.m; sourceTree = "<group>"; };
		5C7C7FC618720EB300E13FC0 /* AVFoundation.framework */ = {isa = PBXFileReference; lastKnownFileType = wrapper.framework; name = AVFoundation.framework; path = System/Library/Frameworks/AVFoundation.framework; sourceTree = SDKROOT; };
		5C7C7FC818720F6000E13FC0 /* CoreAudio.framework */ = {isa = PBXFileReference; lastKnownFileType = wrapper.framework; name = CoreAudio.framework; path = System/Library/Frameworks/CoreAudio.framework; sourceTree = SDKROOT; };
		801ACF3E18E1D9BF00B85FC9 /* sarah_yn_paldaruo_llai.m4v */ = {isa = PBXFileReference; lastKnownFileType = file; path = sarah_yn_paldaruo_llai.m4v; sourceTree = "<group>"; };
		80204108187EC8EE00C9A4F3 /* UTIPromptsTracker.h */ = {isa = PBXFileReference; fileEncoding = 4; lastKnownFileType = sourcecode.c.h; path = UTIPromptsTracker.h; sourceTree = "<group>"; };
		80204109187EC8EE00C9A4F3 /* UTIPromptsTracker.m */ = {isa = PBXFileReference; fileEncoding = 4; lastKnownFileType = sourcecode.c.objc; path = UTIPromptsTracker.m; sourceTree = "<group>"; };
		8020410B187EC9B200C9A4F3 /* UTIPrompt.h */ = {isa = PBXFileReference; fileEncoding = 4; lastKnownFileType = sourcecode.c.h; path = UTIPrompt.h; sourceTree = "<group>"; };
		8020410C187EC9B200C9A4F3 /* UTIPrompt.m */ = {isa = PBXFileReference; fileEncoding = 4; lastKnownFileType = sourcecode.c.objc; path = UTIPrompt.m; sourceTree = "<group>"; };
		8021AC9B187C44770069B508 /* logos4c.jpeg */ = {isa = PBXFileReference; lastKnownFileType = image.jpeg; path = logos4c.jpeg; sourceTree = "<group>"; };
		8021AC9D187C450A0069B508 /* Llywodraeth-Cymru-1315259625.jpg */ = {isa = PBXFileReference; lastKnownFileType = image.jpeg; path = "Llywodraeth-Cymru-1315259625.jpg"; sourceTree = "<group>"; };
		8021AC9F187C456B0069B508 /* bangor_header_crest.jpg */ = {isa = PBXFileReference; lastKnownFileType = image.jpeg; path = bangor_header_crest.jpg; sourceTree = "<group>"; };
		8021ACA1187C4F7C0069B508 /* logoprifysgolbangor.gif */ = {isa = PBXFileReference; lastKnownFileType = image.gif; path = logoprifysgolbangor.gif; sourceTree = "<group>"; };
		8021ACA3187C50CE0069B508 /* uti-logo.png */ = {isa = PBXFileReference; lastKnownFileType = image.png; path = "uti-logo.png"; sourceTree = "<group>"; };
		806B4FCA188D441100851038 /* UTIWelcomeViewController.h */ = {isa = PBXFileReference; fileEncoding = 4; lastKnownFileType = sourcecode.c.h; path = UTIWelcomeViewController.h; sourceTree = "<group>"; };
		806B4FCB188D441100851038 /* UTIWelcomeViewController.m */ = {isa = PBXFileReference; fileEncoding = 4; lastKnownFileType = sourcecode.c.objc; path = UTIWelcomeViewController.m; sourceTree = "<group>"; };
		806B4FCD1897D01E00851038 /* UTIDataStore.h */ = {isa = PBXFileReference; fileEncoding = 4; lastKnownFileType = sourcecode.c.h; path = UTIDataStore.h; sourceTree = "<group>"; };
		806B4FCE1897D01E00851038 /* UTIDataStore.m */ = {isa = PBXFileReference; fileEncoding = 4; lastKnownFileType = sourcecode.c.objc; path = UTIDataStore.m; sourceTree = "<group>"; };
		806B4FD0189BBE8200851038 /* UTINewProfileViewController.h */ = {isa = PBXFileReference; fileEncoding = 4; lastKnownFileType = sourcecode.c.h; path = UTINewProfileViewController.h; sourceTree = "<group>"; };
		806B4FD1189BBE8200851038 /* UTINewProfileViewController.m */ = {isa = PBXFileReference; fileEncoding = 4; lastKnownFileType = sourcecode.c.objc; path = UTINewProfileViewController.m; sourceTree = "<group>"; };
		806B4FD3189FE95300851038 /* UTIMetaDataField.h */ = {isa = PBXFileReference; fileEncoding = 4; lastKnownFileType = sourcecode.c.h; path = UTIMetaDataField.h; sourceTree = "<group>"; };
		806B4FD4189FE95300851038 /* UTIMetaDataField.m */ = {isa = PBXFileReference; fileEncoding = 4; lastKnownFileType = sourcecode.c.objc; path = UTIMetaDataField.m; sourceTree = "<group>"; };
		806B4FFD18AE41BC00851038 /* AppIcon29x29.png */ = {isa = PBXFileReference; lastKnownFileType = image.png; path = AppIcon29x29.png; sourceTree = "<group>"; };
		806B4FFE18AE41BC00851038 /* AppIcon29x29@2x.png */ = {isa = PBXFileReference; lastKnownFileType = image.png; path = "AppIcon29x29@2x.png"; sourceTree = "<group>"; };
		806B4FFF18AE41BC00851038 /* AppIcon40x40.png */ = {isa = PBXFileReference; lastKnownFileType = image.png; path = AppIcon40x40.png; sourceTree = "<group>"; };
		806B500018AE41BC00851038 /* AppIcon40x40@2x.png */ = {isa = PBXFileReference; lastKnownFileType = image.png; path = "AppIcon40x40@2x.png"; sourceTree = "<group>"; };
		806B500118AE41BC00851038 /* AppIcon50x50.png */ = {isa = PBXFileReference; lastKnownFileType = image.png; path = AppIcon50x50.png; sourceTree = "<group>"; };
		806B500218AE41BC00851038 /* AppIcon50x50@2x.png */ = {isa = PBXFileReference; lastKnownFileType = image.png; path = "AppIcon50x50@2x.png"; sourceTree = "<group>"; };
		806B500318AE41BC00851038 /* AppIcon57x57.png */ = {isa = PBXFileReference; lastKnownFileType = image.png; path = AppIcon57x57.png; sourceTree = "<group>"; };
		806B500418AE41BC00851038 /* AppIcon57x57@2x.png */ = {isa = PBXFileReference; lastKnownFileType = image.png; path = "AppIcon57x57@2x.png"; sourceTree = "<group>"; };
		806B500518AE41BC00851038 /* AppIcon60x60.png */ = {isa = PBXFileReference; lastKnownFileType = image.png; path = AppIcon60x60.png; sourceTree = "<group>"; };
		806B500618AE41BC00851038 /* AppIcon60x60@2x.png */ = {isa = PBXFileReference; lastKnownFileType = image.png; path = "AppIcon60x60@2x.png"; sourceTree = "<group>"; };
		806B500718AE41BC00851038 /* AppIcon72x72.png */ = {isa = PBXFileReference; lastKnownFileType = image.png; path = AppIcon72x72.png; sourceTree = "<group>"; };
		806B500818AE41BC00851038 /* AppIcon72x72@2x.png */ = {isa = PBXFileReference; lastKnownFileType = image.png; path = "AppIcon72x72@2x.png"; sourceTree = "<group>"; };
		806B500918AE41BC00851038 /* AppIcon76x76.png */ = {isa = PBXFileReference; lastKnownFileType = image.png; path = AppIcon76x76.png; sourceTree = "<group>"; };
		806B500A18AE41BC00851038 /* AppIcon76x76@2x.png */ = {isa = PBXFileReference; lastKnownFileType = image.png; path = "AppIcon76x76@2x.png"; sourceTree = "<group>"; };
		806B500B18AE41BC00851038 /* iTunesArtwork.png */ = {isa = PBXFileReference; lastKnownFileType = image.png; path = iTunesArtwork.png; sourceTree = "<group>"; };
		806B500C18AE41BC00851038 /* iTunesArtwork@2x.png */ = {isa = PBXFileReference; lastKnownFileType = image.png; path = "iTunesArtwork@2x.png"; sourceTree = "<group>"; };
		806B501D18AE53CE00851038 /* libTestFlight.a */ = {isa = PBXFileReference; lastKnownFileType = archive.ar; name = libTestFlight.a; path = Paldaruo/libTestFlight.a; sourceTree = "<group>"; };
		806B501E18AE53CE00851038 /* README.md */ = {isa = PBXFileReference; fileEncoding = 4; lastKnownFileType = text; name = README.md; path = Paldaruo/README.md; sourceTree = "<group>"; };
		806B501F18AE53CE00851038 /* release_notes.md */ = {isa = PBXFileReference; fileEncoding = 4; lastKnownFileType = text; name = release_notes.md; path = Paldaruo/release_notes.md; sourceTree = "<group>"; };
		806B502018AE53CE00851038 /* TestFlight.h */ = {isa = PBXFileReference; fileEncoding = 4; lastKnownFileType = sourcecode.c.h; name = TestFlight.h; path = Paldaruo/TestFlight.h; sourceTree = "<group>"; };
		806B502118AE53CE00851038 /* TestFlight+AsyncLogging.h */ = {isa = PBXFileReference; fileEncoding = 4; lastKnownFileType = sourcecode.c.h; name = "TestFlight+AsyncLogging.h"; path = "Paldaruo/TestFlight+AsyncLogging.h"; sourceTree = "<group>"; };
		806B502218AE53CE00851038 /* TestFlight+ManualSessions.h */ = {isa = PBXFileReference; fileEncoding = 4; lastKnownFileType = sourcecode.c.h; name = "TestFlight+ManualSessions.h"; path = "Paldaruo/TestFlight+ManualSessions.h"; sourceTree = "<group>"; };
		806B502718AE549D00851038 /* libz.dylib */ = {isa = PBXFileReference; lastKnownFileType = "compiled.mach-o.dylib"; name = libz.dylib; path = usr/lib/libz.dylib; sourceTree = SDKROOT; };
		806B502918B3A27900851038 /* 150px-S4C_logo.svg.png */ = {isa = PBXFileReference; lastKnownFileType = image.png; path = "150px-S4C_logo.svg.png"; sourceTree = "<group>"; };
		806B502A18B3A27900851038 /* WelshGovtlogo.png */ = {isa = PBXFileReference; lastKnownFileType = image.png; path = WelshGovtlogo.png; sourceTree = "<group>"; };
		806B502D18B64EB900851038 /* UTIFurtherInformationViewController.h */ = {isa = PBXFileReference; fileEncoding = 4; lastKnownFileType = sourcecode.c.h; path = UTIFurtherInformationViewController.h; sourceTree = "<group>"; };
		806B502E18B64EB900851038 /* UTIFurtherInformationViewController.m */ = {isa = PBXFileReference; fileEncoding = 4; lastKnownFileType = sourcecode.c.objc; path = UTIFurtherInformationViewController.m; sourceTree = "<group>"; };
		806B503018BCED5000851038 /* UTIIntroductionScreenViewController.h */ = {isa = PBXFileReference; fileEncoding = 4; lastKnownFileType = sourcecode.c.h; path = UTIIntroductionScreenViewController.h; sourceTree = "<group>"; };
		806B503118BCED5000851038 /* UTIIntroductionScreenViewController.m */ = {isa = PBXFileReference; fileEncoding = 4; lastKnownFileType = sourcecode.c.objc; path = UTIIntroductionScreenViewController.m; sourceTree = "<group>"; };
		806B503318C788C600851038 /* UTIAcceptTermsAndConditionsViewController.h */ = {isa = PBXFileReference; fileEncoding = 4; lastKnownFileType = sourcecode.c.h; path = UTIAcceptTermsAndConditionsViewController.h; sourceTree = "<group>"; };
		806B503418C788C600851038 /* UTIAcceptTermsAndConditionsViewController.m */ = {isa = PBXFileReference; fileEncoding = 4; lastKnownFileType = sourcecode.c.objc; path = UTIAcceptTermsAndConditionsViewController.m; sourceTree = "<group>"; };
		806B503718C8882200851038 /* Reachability.h */ = {isa = PBXFileReference; fileEncoding = 4; lastKnownFileType = sourcecode.c.h; path = Reachability.h; sourceTree = "<group>"; };
		806B503818C8882200851038 /* Reachability.m */ = {isa = PBXFileReference; fileEncoding = 4; lastKnownFileType = sourcecode.c.objc; path = Reachability.m; sourceTree = "<group>"; };
		806B503E18CDEF7800851038 /* about.html */ = {isa = PBXFileReference; fileEncoding = 4; lastKnownFileType = text.html; path = about.html; sourceTree = "<group>"; };
		806B504018D1D75A00851038 /* UTIAboutMyDataViewController.h */ = {isa = PBXFileReference; fileEncoding = 4; lastKnownFileType = sourcecode.c.h; path = UTIAboutMyDataViewController.h; sourceTree = "<group>"; };
		806B504118D1D75A00851038 /* UTIAboutMyDataViewController.m */ = {isa = PBXFileReference; fileEncoding = 4; lastKnownFileType = sourcecode.c.objc; path = UTIAboutMyDataViewController.m; sourceTree = "<group>"; };
		CD32105218E6ADFF009056EE /* DejalActivityView.h */ = {isa = PBXFileReference; fileEncoding = 4; lastKnownFileType = sourcecode.c.h; name = DejalActivityView.h; path = Externals/DejalActivityView/DejalActivityView.h; sourceTree = "<group>"; };
		CD32105318E6ADFF009056EE /* DejalActivityView.m */ = {isa = PBXFileReference; fileEncoding = 4; lastKnownFileType = sourcecode.c.objc; name = DejalActivityView.m; path = Externals/DejalActivityView/DejalActivityView.m; sourceTree = "<group>"; };
		CD32105518E6AE47009056EE /* UTIDataStore */ = {isa = PBXFileReference; fileEncoding = 4; lastKnownFileType = text; path = UTIDataStore; sourceTree = "<group>"; };
		CD32105718E6AEDB009056EE /* UTIRequest.h */ = {isa = PBXFileReference; fileEncoding = 4; lastKnownFileType = sourcecode.c.h; path = UTIRequest.h; sourceTree = "<group>"; };
		CD32105818E6AEDB009056EE /* UTIRequest.m */ = {isa = PBXFileReference; fileEncoding = 4; lastKnownFileType = sourcecode.c.objc; path = UTIRequest.m; sourceTree = "<group>"; };
		CD4E563518E9098800DEDD53 /* Constants.h */ = {isa = PBXFileReference; lastKnownFileType = sourcecode.c.h; path = Constants.h; sourceTree = "<group>"; };
		CDEF14D018E6B01B008CAD01 /* UTIUser.h */ = {isa = PBXFileReference; fileEncoding = 4; lastKnownFileType = sourcecode.c.h; path = UTIUser.h; sourceTree = "<group>"; };
		CDEF14D118E6B01B008CAD01 /* UTIUser.m */ = {isa = PBXFileReference; fileEncoding = 4; lastKnownFileType = sourcecode.c.objc; path = UTIUser.m; sourceTree = "<group>"; };
		CDEF14D318E6B054008CAD01 /* UTIButton.h */ = {isa = PBXFileReference; fileEncoding = 4; lastKnownFileType = sourcecode.c.h; path = UTIButton.h; sourceTree = "<group>"; };
		CDEF14D418E6B054008CAD01 /* UTIButton.m */ = {isa = PBXFileReference; fileEncoding = 4; lastKnownFileType = sourcecode.c.objc; path = UTIButton.m; sourceTree = "<group>"; };
/* End PBXFileReference section */

/* Begin PBXFrameworksBuildPhase section */
		5C7C7F88186E159A00E13FC0 /* Frameworks */ = {
			isa = PBXFrameworksBuildPhase;
			buildActionMask = 2147483647;
			files = (
				806B502818AE549D00851038 /* libz.dylib in Frameworks */,
				806B502318AE53CE00851038 /* libTestFlight.a in Frameworks */,
				5C7C7FC918720F6000E13FC0 /* CoreAudio.framework in Frameworks */,
				5C7C7FC718720EB300E13FC0 /* AVFoundation.framework in Frameworks */,
				5C7C7F91186E159A00E13FC0 /* CoreGraphics.framework in Frameworks */,
				5C7C7F93186E159A00E13FC0 /* UIKit.framework in Frameworks */,
				5C7C7F8F186E159A00E13FC0 /* Foundation.framework in Frameworks */,
			);
			runOnlyForDeploymentPostprocessing = 0;
		};
		5C7C7FAC186E159A00E13FC0 /* Frameworks */ = {
			isa = PBXFrameworksBuildPhase;
			buildActionMask = 2147483647;
			files = (
				5C7C7FB1186E159A00E13FC0 /* XCTest.framework in Frameworks */,
				5C7C7FB3186E159A00E13FC0 /* UIKit.framework in Frameworks */,
				5C7C7FB2186E159A00E13FC0 /* Foundation.framework in Frameworks */,
			);
			runOnlyForDeploymentPostprocessing = 0;
		};
/* End PBXFrameworksBuildPhase section */

/* Begin PBXGroup section */
		5C7C7F82186E159A00E13FC0 = {
			isa = PBXGroup;
			children = (
				806B502618AE53DE00851038 /* TestFlight */,
				806B4FFC18AE419200851038 /* AppIcons */,
				5C7C7F94186E159A00E13FC0 /* Paldaruo */,
				5C7C7FB6186E159A00E13FC0 /* PaldaruoTests */,
				5C7C7F8D186E159A00E13FC0 /* Frameworks */,
				5C7C7F8C186E159A00E13FC0 /* Products */,
			);
			sourceTree = "<group>";
		};
		5C7C7F8C186E159A00E13FC0 /* Products */ = {
			isa = PBXGroup;
			children = (
				5C7C7F8B186E159A00E13FC0 /* Paldaruo.app */,
				5C7C7FAF186E159A00E13FC0 /* PaldaruoTests.xctest */,
			);
			name = Products;
			sourceTree = "<group>";
		};
		5C7C7F8D186E159A00E13FC0 /* Frameworks */ = {
			isa = PBXGroup;
			children = (
				806B502718AE549D00851038 /* libz.dylib */,
				5C7C7FC818720F6000E13FC0 /* CoreAudio.framework */,
				5C7C7FC618720EB300E13FC0 /* AVFoundation.framework */,
				5C7C7F8E186E159A00E13FC0 /* Foundation.framework */,
				5C7C7F90186E159A00E13FC0 /* CoreGraphics.framework */,
				5C7C7F92186E159A00E13FC0 /* UIKit.framework */,
				5C7C7FB0186E159A00E13FC0 /* XCTest.framework */,
			);
			name = Frameworks;
			sourceTree = "<group>";
		};
		5C7C7F94186E159A00E13FC0 /* Paldaruo */ = {
			isa = PBXGroup;
			children = (
				806B503618C887B200851038 /* External Classes */,
				5C7C7F9D186E159A00E13FC0 /* UTIAppDelegate.h */,
				5C7C7F9E186E159A00E13FC0 /* UTIAppDelegate.m */,
				5C7C7FA0186E159A00E13FC0 /* Main_iPhone.storyboard */,
				5C7C7FA3186E159A00E13FC0 /* Main_iPad.storyboard */,
				5C7C7FA6186E159A00E13FC0 /* UTIViewController.h */,
				5C7C7FA7186E159A00E13FC0 /* UTIViewController.m */,
				5C7C7FA9186E159A00E13FC0 /* Images.xcassets */,
				CD4E563518E9098800DEDD53 /* Constants.h */,
				5C7C7F95186E159A00E13FC0 /* Supporting Files */,
				CDEF14D318E6B054008CAD01 /* UTIButton.h */,
				CDEF14D418E6B054008CAD01 /* UTIButton.m */,
				CDEF14D018E6B01B008CAD01 /* UTIUser.h */,
				CDEF14D118E6B01B008CAD01 /* UTIUser.m */,
				CD32105718E6AEDB009056EE /* UTIRequest.h */,
				CD32105818E6AEDB009056EE /* UTIRequest.m */,
				80204108187EC8EE00C9A4F3 /* UTIPromptsTracker.h */,
				80204109187EC8EE00C9A4F3 /* UTIPromptsTracker.m */,
				8020410B187EC9B200C9A4F3 /* UTIPrompt.h */,
				8020410C187EC9B200C9A4F3 /* UTIPrompt.m */,
				806B4FCD1897D01E00851038 /* UTIDataStore.h */,
				CD32105518E6AE47009056EE /* UTIDataStore */,
				806B4FCE1897D01E00851038 /* UTIDataStore.m */,
				806B4FD0189BBE8200851038 /* UTINewProfileViewController.h */,
				806B4FD1189BBE8200851038 /* UTINewProfileViewController.m */,
				806B4FCA188D441100851038 /* UTIWelcomeViewController.h */,
				806B4FCB188D441100851038 /* UTIWelcomeViewController.m */,
				806B4FD3189FE95300851038 /* UTIMetaDataField.h */,
				806B4FD4189FE95300851038 /* UTIMetaDataField.m */,
				806B502D18B64EB900851038 /* UTIFurtherInformationViewController.h */,
				806B502E18B64EB900851038 /* UTIFurtherInformationViewController.m */,
				806B503018BCED5000851038 /* UTIIntroductionScreenViewController.h */,
				806B503118BCED5000851038 /* UTIIntroductionScreenViewController.m */,
				806B503318C788C600851038 /* UTIAcceptTermsAndConditionsViewController.h */,
				806B503418C788C600851038 /* UTIAcceptTermsAndConditionsViewController.m */,
				806B504018D1D75A00851038 /* UTIAboutMyDataViewController.h */,
				806B504118D1D75A00851038 /* UTIAboutMyDataViewController.m */,
			);
			path = Paldaruo;
			sourceTree = "<group>";
		};
		5C7C7F95186E159A00E13FC0 /* Supporting Files */ = {
			isa = PBXGroup;
			children = (
				801ACF3E18E1D9BF00B85FC9 /* sarah_yn_paldaruo_llai.m4v */,
				806B503D18CDEF0300851038 /* HTML */,
				806B502918B3A27900851038 /* 150px-S4C_logo.svg.png */,
				806B502A18B3A27900851038 /* WelshGovtlogo.png */,
				8021ACA3187C50CE0069B508 /* uti-logo.png */,
				8021ACA1187C4F7C0069B508 /* logoprifysgolbangor.gif */,
				8021AC9F187C456B0069B508 /* bangor_header_crest.jpg */,
				8021AC9D187C450A0069B508 /* Llywodraeth-Cymru-1315259625.jpg */,
				8021AC9B187C44770069B508 /* logos4c.jpeg */,
				5C7C7F96186E159A00E13FC0 /* Paldaruo-Info.plist */,
				5C7C7F97186E159A00E13FC0 /* InfoPlist.strings */,
				5C7C7F9A186E159A00E13FC0 /* main.m */,
				5C7C7F9C186E159A00E13FC0 /* Paldaruo-Prefix.pch */,
			);
			name = "Supporting Files";
			sourceTree = "<group>";
		};
		5C7C7FB6186E159A00E13FC0 /* PaldaruoTests */ = {
			isa = PBXGroup;
			children = (
				5C7C7FBC186E159A00E13FC0 /* PaldaruoTests.m */,
				5C7C7FB7186E159A00E13FC0 /* Supporting Files */,
			);
			path = PaldaruoTests;
			sourceTree = "<group>";
		};
		5C7C7FB7186E159A00E13FC0 /* Supporting Files */ = {
			isa = PBXGroup;
			children = (
				5C7C7FB8186E159A00E13FC0 /* PaldaruoTests-Info.plist */,
				5C7C7FB9186E159A00E13FC0 /* InfoPlist.strings */,
			);
			name = "Supporting Files";
			sourceTree = "<group>";
		};
		806B4FFC18AE419200851038 /* AppIcons */ = {
			isa = PBXGroup;
			children = (
				806B4FFD18AE41BC00851038 /* AppIcon29x29.png */,
				806B4FFE18AE41BC00851038 /* AppIcon29x29@2x.png */,
				806B4FFF18AE41BC00851038 /* AppIcon40x40.png */,
				806B500018AE41BC00851038 /* AppIcon40x40@2x.png */,
				806B500118AE41BC00851038 /* AppIcon50x50.png */,
				806B500218AE41BC00851038 /* AppIcon50x50@2x.png */,
				806B500318AE41BC00851038 /* AppIcon57x57.png */,
				806B500418AE41BC00851038 /* AppIcon57x57@2x.png */,
				806B500518AE41BC00851038 /* AppIcon60x60.png */,
				806B500618AE41BC00851038 /* AppIcon60x60@2x.png */,
				806B500718AE41BC00851038 /* AppIcon72x72.png */,
				806B500818AE41BC00851038 /* AppIcon72x72@2x.png */,
				806B500918AE41BC00851038 /* AppIcon76x76.png */,
				806B500A18AE41BC00851038 /* AppIcon76x76@2x.png */,
				806B500B18AE41BC00851038 /* iTunesArtwork.png */,
				806B500C18AE41BC00851038 /* iTunesArtwork@2x.png */,
			);
			name = AppIcons;
			sourceTree = "<group>";
		};
		806B502618AE53DE00851038 /* TestFlight */ = {
			isa = PBXGroup;
			children = (
				806B501E18AE53CE00851038 /* README.md */,
				806B501D18AE53CE00851038 /* libTestFlight.a */,
				806B502218AE53CE00851038 /* TestFlight+ManualSessions.h */,
				806B502118AE53CE00851038 /* TestFlight+AsyncLogging.h */,
				806B502018AE53CE00851038 /* TestFlight.h */,
				806B501F18AE53CE00851038 /* release_notes.md */,
			);
			name = TestFlight;
			sourceTree = "<group>";
		};
		806B503618C887B200851038 /* External Classes */ = {
			isa = PBXGroup;
			children = (
				CD32105118E6ADF5009056EE /* DejalActivityView */,
				CD32105018E6ADE4009056EE /* Reachability */,
			);
			name = "External Classes";
			sourceTree = "<group>";
		};
		806B503D18CDEF0300851038 /* HTML */ = {
			isa = PBXGroup;
			children = (
				806B503E18CDEF7800851038 /* about.html */,
			);
			name = HTML;
			sourceTree = "<group>";
		};
		CD32105018E6ADE4009056EE /* Reachability */ = {
			isa = PBXGroup;
			children = (
				806B503718C8882200851038 /* Reachability.h */,
				806B503818C8882200851038 /* Reachability.m */,
			);
			name = Reachability;
			sourceTree = "<group>";
		};
		CD32105118E6ADF5009056EE /* DejalActivityView */ = {
			isa = PBXGroup;
			children = (
				CD32105218E6ADFF009056EE /* DejalActivityView.h */,
				CD32105318E6ADFF009056EE /* DejalActivityView.m */,
			);
			name = DejalActivityView;
			sourceTree = "<group>";
		};
/* End PBXGroup section */

/* Begin PBXNativeTarget section */
		5C7C7F8A186E159A00E13FC0 /* Paldaruo */ = {
			isa = PBXNativeTarget;
			buildConfigurationList = 5C7C7FC0186E159A00E13FC0 /* Build configuration list for PBXNativeTarget "Paldaruo" */;
			buildPhases = (
				5C7C7F87186E159A00E13FC0 /* Sources */,
				5C7C7F88186E159A00E13FC0 /* Frameworks */,
				5C7C7F89186E159A00E13FC0 /* Resources */,
			);
			buildRules = (
			);
			dependencies = (
			);
			name = Paldaruo;
			productName = Paldaruo;
			productReference = 5C7C7F8B186E159A00E13FC0 /* Paldaruo.app */;
			productType = "com.apple.product-type.application";
		};
		5C7C7FAE186E159A00E13FC0 /* PaldaruoTests */ = {
			isa = PBXNativeTarget;
			buildConfigurationList = 5C7C7FC3186E159A00E13FC0 /* Build configuration list for PBXNativeTarget "PaldaruoTests" */;
			buildPhases = (
				5C7C7FAB186E159A00E13FC0 /* Sources */,
				5C7C7FAC186E159A00E13FC0 /* Frameworks */,
				5C7C7FAD186E159A00E13FC0 /* Resources */,
			);
			buildRules = (
			);
			dependencies = (
				5C7C7FB5186E159A00E13FC0 /* PBXTargetDependency */,
			);
			name = PaldaruoTests;
			productName = PaldaruoTests;
			productReference = 5C7C7FAF186E159A00E13FC0 /* PaldaruoTests.xctest */;
			productType = "com.apple.product-type.bundle.unit-test";
		};
/* End PBXNativeTarget section */

/* Begin PBXProject section */
		5C7C7F83186E159A00E13FC0 /* Project object */ = {
			isa = PBXProject;
			attributes = {
				CLASSPREFIX = UTI;
				LastUpgradeCheck = 0510;
				ORGANIZATIONNAME = "Uned Technolegau Iaith";
				TargetAttributes = {
					5C7C7F8A186E159A00E13FC0 = {
						DevelopmentTeam = 99Z8TNAFH4;
					};
					5C7C7FAE186E159A00E13FC0 = {
						TestTargetID = 5C7C7F8A186E159A00E13FC0;
					};
				};
			};
			buildConfigurationList = 5C7C7F86186E159A00E13FC0 /* Build configuration list for PBXProject "Paldaruo" */;
			compatibilityVersion = "Xcode 3.2";
			developmentRegion = English;
			hasScannedForEncodings = 0;
			knownRegions = (
				en,
				Base,
			);
			mainGroup = 5C7C7F82186E159A00E13FC0;
			productRefGroup = 5C7C7F8C186E159A00E13FC0 /* Products */;
			projectDirPath = "";
			projectRoot = "";
			targets = (
				5C7C7F8A186E159A00E13FC0 /* Paldaruo */,
				5C7C7FAE186E159A00E13FC0 /* PaldaruoTests */,
			);
		};
/* End PBXProject section */

/* Begin PBXResourcesBuildPhase section */
		5C7C7F89186E159A00E13FC0 /* Resources */ = {
			isa = PBXResourcesBuildPhase;
			buildActionMask = 2147483647;
			files = (
				806B502518AE53CF00851038 /* release_notes.md in Resources */,
				8021AC9E187C450A0069B508 /* Llywodraeth-Cymru-1315259625.jpg in Resources */,
				806B502C18B3A27900851038 /* WelshGovtlogo.png in Resources */,
				806B501618AE41BC00851038 /* AppIcon60x60@2x.png in Resources */,
				801ACF3F18E1D9BF00B85FC9 /* sarah_yn_paldaruo_llai.m4v in Resources */,
				806B500F18AE41BC00851038 /* AppIcon40x40.png in Resources */,
				8021ACA0187C456B0069B508 /* bangor_header_crest.jpg in Resources */,
				806B502418AE53CF00851038 /* README.md in Resources */,
				806B501118AE41BC00851038 /* AppIcon50x50.png in Resources */,
				806B501918AE41BC00851038 /* AppIcon76x76.png in Resources */,
				806B501B18AE41BC00851038 /* iTunesArtwork.png in Resources */,
				5C7C7FA5186E159A00E13FC0 /* Main_iPad.storyboard in Resources */,
				5C7C7FAA186E159A00E13FC0 /* Images.xcassets in Resources */,
				8021ACA4187C50CE0069B508 /* uti-logo.png in Resources */,
				806B501018AE41BC00851038 /* AppIcon40x40@2x.png in Resources */,
				806B501C18AE41BC00851038 /* iTunesArtwork@2x.png in Resources */,
				806B501418AE41BC00851038 /* AppIcon57x57@2x.png in Resources */,
				806B501218AE41BC00851038 /* AppIcon50x50@2x.png in Resources */,
				806B502B18B3A27900851038 /* 150px-S4C_logo.svg.png in Resources */,
				806B503F18CDEF7800851038 /* about.html in Resources */,
				8021ACA2187C4F7C0069B508 /* logoprifysgolbangor.gif in Resources */,
				CD32105618E6AE48009056EE /* UTIDataStore in Resources */,
				8021AC9C187C44770069B508 /* logos4c.jpeg in Resources */,
				806B500D18AE41BC00851038 /* AppIcon29x29.png in Resources */,
				806B501818AE41BC00851038 /* AppIcon72x72@2x.png in Resources */,
				806B501A18AE41BC00851038 /* AppIcon76x76@2x.png in Resources */,
				806B501518AE41BC00851038 /* AppIcon60x60.png in Resources */,
				806B501718AE41BC00851038 /* AppIcon72x72.png in Resources */,
				5C7C7FA2186E159A00E13FC0 /* Main_iPhone.storyboard in Resources */,
				806B501318AE41BC00851038 /* AppIcon57x57.png in Resources */,
				806B500E18AE41BC00851038 /* AppIcon29x29@2x.png in Resources */,
				5C7C7F99186E159A00E13FC0 /* InfoPlist.strings in Resources */,
			);
			runOnlyForDeploymentPostprocessing = 0;
		};
		5C7C7FAD186E159A00E13FC0 /* Resources */ = {
			isa = PBXResourcesBuildPhase;
			buildActionMask = 2147483647;
			files = (
				5C7C7FBB186E159A00E13FC0 /* InfoPlist.strings in Resources */,
			);
			runOnlyForDeploymentPostprocessing = 0;
		};
/* End PBXResourcesBuildPhase section */

/* Begin PBXSourcesBuildPhase section */
		5C7C7F87186E159A00E13FC0 /* Sources */ = {
			isa = PBXSourcesBuildPhase;
			buildActionMask = 2147483647;
			files = (
				806B503918C8882200851038 /* Reachability.m in Sources */,
				806B4FD5189FE95300851038 /* UTIMetaDataField.m in Sources */,
				5C7C7F9B186E159A00E13FC0 /* main.m in Sources */,
				CDC3152918E17FEA003A2440 /* (null) in Sources */,
				8020410A187EC8EE00C9A4F3 /* UTIPromptsTracker.m in Sources */,
				806B502F18B64EB900851038 /* UTIFurtherInformationViewController.m in Sources */,
				CDEF14D218E6B01B008CAD01 /* UTIUser.m in Sources */,
				806B4FCC188D441100851038 /* UTIWelcomeViewController.m in Sources */,
				CD1020DC18E08F2200610EB2 /* (null) in Sources */,
				5C7C7F9F186E159A00E13FC0 /* UTIAppDelegate.m in Sources */,
				CDC3152618E17E45003A2440 /* (null) in Sources */,
				CD32104F18E5E2E8009056EE /* (null) in Sources */,
				806B4FD2189BBE8200851038 /* UTINewProfileViewController.m in Sources */,
				806B503518C788C600851038 /* UTIAcceptTermsAndConditionsViewController.m in Sources */,
				CD32105418E6ADFF009056EE /* DejalActivityView.m in Sources */,
				8020410D187EC9B200C9A4F3 /* UTIPrompt.m in Sources */,
				CD32105918E6AEDB009056EE /* UTIRequest.m in Sources */,
				806B503218BCED5000851038 /* UTIIntroductionScreenViewController.m in Sources */,
				806B504218D1D75A00851038 /* UTIAboutMyDataViewController.m in Sources */,
				CDEF14D518E6B054008CAD01 /* UTIButton.m in Sources */,
				806B4FCF1897D01E00851038 /* UTIDataStore.m in Sources */,
				5C7C7FA8186E159A00E13FC0 /* UTIViewController.m in Sources */,
			);
			runOnlyForDeploymentPostprocessing = 0;
		};
		5C7C7FAB186E159A00E13FC0 /* Sources */ = {
			isa = PBXSourcesBuildPhase;
			buildActionMask = 2147483647;
			files = (
				5C7C7FBD186E159A00E13FC0 /* PaldaruoTests.m in Sources */,
			);
			runOnlyForDeploymentPostprocessing = 0;
		};
/* End PBXSourcesBuildPhase section */

/* Begin PBXTargetDependency section */
		5C7C7FB5186E159A00E13FC0 /* PBXTargetDependency */ = {
			isa = PBXTargetDependency;
			target = 5C7C7F8A186E159A00E13FC0 /* Paldaruo */;
			targetProxy = 5C7C7FB4186E159A00E13FC0 /* PBXContainerItemProxy */;
		};
/* End PBXTargetDependency section */

/* Begin PBXVariantGroup section */
		5C7C7F97186E159A00E13FC0 /* InfoPlist.strings */ = {
			isa = PBXVariantGroup;
			children = (
				5C7C7F98186E159A00E13FC0 /* en */,
			);
			name = InfoPlist.strings;
			sourceTree = "<group>";
		};
		5C7C7FA0186E159A00E13FC0 /* Main_iPhone.storyboard */ = {
			isa = PBXVariantGroup;
			children = (
				5C7C7FA1186E159A00E13FC0 /* Base */,
			);
			name = Main_iPhone.storyboard;
			sourceTree = "<group>";
		};
		5C7C7FA3186E159A00E13FC0 /* Main_iPad.storyboard */ = {
			isa = PBXVariantGroup;
			children = (
				5C7C7FA4186E159A00E13FC0 /* Base */,
			);
			name = Main_iPad.storyboard;
			sourceTree = "<group>";
		};
		5C7C7FB9186E159A00E13FC0 /* InfoPlist.strings */ = {
			isa = PBXVariantGroup;
			children = (
				5C7C7FBA186E159A00E13FC0 /* en */,
			);
			name = InfoPlist.strings;
			sourceTree = "<group>";
		};
/* End PBXVariantGroup section */

/* Begin XCBuildConfiguration section */
		5C7C7FBE186E159A00E13FC0 /* Debug */ = {
			isa = XCBuildConfiguration;
			buildSettings = {
				ALWAYS_SEARCH_USER_PATHS = NO;
				CLANG_CXX_LANGUAGE_STANDARD = "gnu++0x";
				CLANG_CXX_LIBRARY = "libc++";
				CLANG_ENABLE_MODULES = YES;
				CLANG_ENABLE_OBJC_ARC = YES;
				CLANG_WARN_BOOL_CONVERSION = YES;
				CLANG_WARN_CONSTANT_CONVERSION = YES;
				CLANG_WARN_DIRECT_OBJC_ISA_USAGE = YES_ERROR;
				CLANG_WARN_EMPTY_BODY = YES;
				CLANG_WARN_ENUM_CONVERSION = YES;
				CLANG_WARN_INT_CONVERSION = YES;
				CLANG_WARN_OBJC_ROOT_CLASS = YES_ERROR;
				CLANG_WARN__DUPLICATE_METHOD_MATCH = YES;
				CODE_SIGN_IDENTITY = "iPhone Developer: Gruffudd Prys (SF3NF653GZ)";
				"CODE_SIGN_IDENTITY[sdk=iphoneos*]" = "iPhone Developer: Gruffudd Prys (SF3NF653GZ)";
				COPY_PHASE_STRIP = NO;
				GCC_C_LANGUAGE_STANDARD = gnu99;
				GCC_DYNAMIC_NO_PIC = NO;
				GCC_OPTIMIZATION_LEVEL = 0;
				GCC_PREPROCESSOR_DEFINITIONS = (
					"DEBUG=1",
					"$(inherited)",
				);
				GCC_SYMBOLS_PRIVATE_EXTERN = NO;
				GCC_WARN_64_TO_32_BIT_CONVERSION = YES;
				GCC_WARN_ABOUT_RETURN_TYPE = YES_ERROR;
				GCC_WARN_UNDECLARED_SELECTOR = YES;
				GCC_WARN_UNINITIALIZED_AUTOS = YES;
				GCC_WARN_UNUSED_FUNCTION = YES;
				GCC_WARN_UNUSED_VARIABLE = YES;
				IPHONEOS_DEPLOYMENT_TARGET = 7.0;
				ONLY_ACTIVE_ARCH = YES;
				PROVISIONING_PROFILE = "7088A429-32E4-4BFC-87BE-A6A11AC7C1C5";
				SDKROOT = iphoneos;
				TARGETED_DEVICE_FAMILY = "1,2";
			};
			name = Debug;
		};
		5C7C7FBF186E159A00E13FC0 /* Release */ = {
			isa = XCBuildConfiguration;
			buildSettings = {
				ALWAYS_SEARCH_USER_PATHS = NO;
				CLANG_CXX_LANGUAGE_STANDARD = "gnu++0x";
				CLANG_CXX_LIBRARY = "libc++";
				CLANG_ENABLE_MODULES = YES;
				CLANG_ENABLE_OBJC_ARC = YES;
				CLANG_WARN_BOOL_CONVERSION = YES;
				CLANG_WARN_CONSTANT_CONVERSION = YES;
				CLANG_WARN_DIRECT_OBJC_ISA_USAGE = YES_ERROR;
				CLANG_WARN_EMPTY_BODY = YES;
				CLANG_WARN_ENUM_CONVERSION = YES;
				CLANG_WARN_INT_CONVERSION = YES;
				CLANG_WARN_OBJC_ROOT_CLASS = YES_ERROR;
				CLANG_WARN__DUPLICATE_METHOD_MATCH = YES;
				CODE_SIGN_IDENTITY = "iPhone Distribution: Bangor University (99Z8TNAFH4)";
				"CODE_SIGN_IDENTITY[sdk=iphoneos*]" = "iPhone Distribution: Bangor University (99Z8TNAFH4)";
				COPY_PHASE_STRIP = YES;
				ENABLE_NS_ASSERTIONS = NO;
				GCC_C_LANGUAGE_STANDARD = gnu99;
				GCC_WARN_64_TO_32_BIT_CONVERSION = YES;
				GCC_WARN_ABOUT_RETURN_TYPE = YES_ERROR;
				GCC_WARN_UNDECLARED_SELECTOR = YES;
				GCC_WARN_UNINITIALIZED_AUTOS = YES;
				GCC_WARN_UNUSED_FUNCTION = YES;
				GCC_WARN_UNUSED_VARIABLE = YES;
				IPHONEOS_DEPLOYMENT_TARGET = 7.0;
				PRODUCT_NAME = paldaruo;
				PROVISIONING_PROFILE = "7088A429-32E4-4BFC-87BE-A6A11AC7C1C5";
				SDKROOT = iphoneos;
				TARGETED_DEVICE_FAMILY = "1,2";
				VALIDATE_PRODUCT = YES;
			};
			name = Release;
		};
		5C7C7FC1186E159A00E13FC0 /* Debug */ = {
			isa = XCBuildConfiguration;
			buildSettings = {
				ASSETCATALOG_COMPILER_APPICON_NAME = AppIcon;
				ASSETCATALOG_COMPILER_LAUNCHIMAGE_NAME = LaunchImage;
				CODE_SIGN_IDENTITY = "iPhone Developer";
				"CODE_SIGN_IDENTITY[sdk=iphoneos*]" = "iPhone Distribution: Bangor University (99Z8TNAFH4)";
				GCC_PRECOMPILE_PREFIX_HEADER = YES;
				GCC_PREFIX_HEADER = "Paldaruo/Paldaruo-Prefix.pch";
				INFOPLIST_FILE = "Paldaruo/Paldaruo-Info.plist";
				LIBRARY_SEARCH_PATHS = (
					"$(inherited)",
					$SRCROOT/Paldaruo,
				);
				PRODUCT_NAME = "$(TARGET_NAME)";
				PROVISIONING_PROFILE = "8784AF66-9817-4903-9F6D-DED6A11CA316";
				"PROVISIONING_PROFILE[sdk=*]" = "7088A429-32E4-4BFC-87BE-A6A11AC7C1C5";
				WRAPPER_EXTENSION = app;
			};
			name = Debug;
		};
		5C7C7FC2186E159A00E13FC0 /* Release */ = {
			isa = XCBuildConfiguration;
			buildSettings = {
				ASSETCATALOG_COMPILER_APPICON_NAME = AppIcon;
				ASSETCATALOG_COMPILER_LAUNCHIMAGE_NAME = LaunchImage;
				CODE_SIGN_IDENTITY = "iPhone Developer";
				"CODE_SIGN_IDENTITY[sdk=iphoneos*]" = "iPhone Distribution: Bangor University (99Z8TNAFH4)";
				GCC_PRECOMPILE_PREFIX_HEADER = YES;
				GCC_PREFIX_HEADER = "Paldaruo/Paldaruo-Prefix.pch";
				INFOPLIST_FILE = "Paldaruo/Paldaruo-Info.plist";
				LIBRARY_SEARCH_PATHS = (
					"$(inherited)",
					$SRCROOT/Paldaruo,
				);
				PRODUCT_NAME = "$(TARGET_NAME)";
				PROVISIONING_PROFILE = "7088A429-32E4-4BFC-87BE-A6A11AC7C1C5";
				WRAPPER_EXTENSION = app;
			};
			name = Release;
		};
		5C7C7FC4186E159A00E13FC0 /* Debug */ = {
			isa = XCBuildConfiguration;
			buildSettings = {
				BUNDLE_LOADER = "$(BUILT_PRODUCTS_DIR)/Paldaruo.app/Paldaruo";
				FRAMEWORK_SEARCH_PATHS = (
					"$(SDKROOT)/Developer/Library/Frameworks",
					"$(inherited)",
					"$(DEVELOPER_FRAMEWORKS_DIR)",
				);
				GCC_PRECOMPILE_PREFIX_HEADER = YES;
				GCC_PREFIX_HEADER = "Paldaruo/Paldaruo-Prefix.pch";
				GCC_PREPROCESSOR_DEFINITIONS = (
					"DEBUG=1",
					"$(inherited)",
				);
				INFOPLIST_FILE = "PaldaruoTests/PaldaruoTests-Info.plist";
				PRODUCT_NAME = "$(TARGET_NAME)";
				TEST_HOST = "$(BUNDLE_LOADER)";
				WRAPPER_EXTENSION = xctest;
			};
			name = Debug;
		};
		5C7C7FC5186E159A00E13FC0 /* Release */ = {
			isa = XCBuildConfiguration;
			buildSettings = {
				BUNDLE_LOADER = "$(BUILT_PRODUCTS_DIR)/Paldaruo.app/Paldaruo";
				FRAMEWORK_SEARCH_PATHS = (
					"$(SDKROOT)/Developer/Library/Frameworks",
					"$(inherited)",
					"$(DEVELOPER_FRAMEWORKS_DIR)",
				);
				GCC_PRECOMPILE_PREFIX_HEADER = YES;
				GCC_PREFIX_HEADER = "Paldaruo/Paldaruo-Prefix.pch";
				INFOPLIST_FILE = "PaldaruoTests/PaldaruoTests-Info.plist";
				PRODUCT_NAME = "$(TARGET_NAME)";
				TEST_HOST = "$(BUNDLE_LOADER)";
				WRAPPER_EXTENSION = xctest;
			};
			name = Release;
		};
/* End XCBuildConfiguration section */

/* Begin XCConfigurationList section */
		5C7C7F86186E159A00E13FC0 /* Build configuration list for PBXProject "Paldaruo" */ = {
			isa = XCConfigurationList;
			buildConfigurations = (
				5C7C7FBE186E159A00E13FC0 /* Debug */,
				5C7C7FBF186E159A00E13FC0 /* Release */,
			);
			defaultConfigurationIsVisible = 0;
			defaultConfigurationName = Release;
		};
		5C7C7FC0186E159A00E13FC0 /* Build configuration list for PBXNativeTarget "Paldaruo" */ = {
			isa = XCConfigurationList;
			buildConfigurations = (
				5C7C7FC1186E159A00E13FC0 /* Debug */,
				5C7C7FC2186E159A00E13FC0 /* Release */,
			);
			defaultConfigurationIsVisible = 0;
			defaultConfigurationName = Release;
		};
		5C7C7FC3186E159A00E13FC0 /* Build configuration list for PBXNativeTarget "PaldaruoTests" */ = {
			isa = XCConfigurationList;
			buildConfigurations = (
				5C7C7FC4186E159A00E13FC0 /* Debug */,
				5C7C7FC5186E159A00E13FC0 /* Release */,
			);
			defaultConfigurationIsVisible = 0;
			defaultConfigurationName = Release;
		};
/* End XCConfigurationList section */
	};
	rootObject = 5C7C7F83186E159A00E13FC0 /* Project object */;
}
